// !$*UTF8*$!
{
	archiveVersion = 1;
	classes = {
	};
	objectVersion = 56;
	objects = {

/* Begin PBXBuildFile section */
		D7116BFF29F8482F00017DFC /* ActivityAnnotationView.swift in Sources */ = {isa = PBXBuildFile; fileRef = D7116BFE29F8482F00017DFC /* ActivityAnnotationView.swift */; };
		D7116C0129F872AB00017DFC /* PlayerProfile.swift in Sources */ = {isa = PBXBuildFile; fileRef = D7116C0029F872AB00017DFC /* PlayerProfile.swift */; };
		D7116C0529F8990500017DFC /* ActivityFormFields.swift in Sources */ = {isa = PBXBuildFile; fileRef = D7116C0429F8990500017DFC /* ActivityFormFields.swift */; };
		D7222D1D29F1D9DD00E5F5D1 /* ForgotPasswordView.swift in Sources */ = {isa = PBXBuildFile; fileRef = D7222D1C29F1D9DD00E5F5D1 /* ForgotPasswordView.swift */; };
		D742A2F529F97EA100CFAF8A /* Assets.xcassets in Resources */ = {isa = PBXBuildFile; fileRef = D78D328729D51F0D00DD2F05 /* Assets.xcassets */; };
		D74DA37629F3371500E1C282 /* Activity.swift in Sources */ = {isa = PBXBuildFile; fileRef = D78D329429D5216600DD2F05 /* Activity.swift */; };
		D762F4092A1D372700329601 /* ActivityFilterView.swift in Sources */ = {isa = PBXBuildFile; fileRef = D762F4082A1D372700329601 /* ActivityFilterView.swift */; };
		D762F40B2A1E654900329601 /* ActivityTests.swift in Sources */ = {isa = PBXBuildFile; fileRef = D762F40A2A1E654900329601 /* ActivityTests.swift */; };
		D762F4112A1E679A00329601 /* FirebaseFirestore in Frameworks */ = {isa = PBXBuildFile; productRef = D762F4102A1E679A00329601 /* FirebaseFirestore */; };
		D762F4122A1E68FF00329601 /* User.swift in Sources */ = {isa = PBXBuildFile; fileRef = D78D329229D51F9F00DD2F05 /* User.swift */; };
		D762F4132A1E691900329601 /* TestData.swift in Sources */ = {isa = PBXBuildFile; fileRef = D78D329929D522E700DD2F05 /* TestData.swift */; };
		D762F4142A1E696F00329601 /* Club.swift in Sources */ = {isa = PBXBuildFile; fileRef = D78D32A829D60CB300DD2F05 /* Club.swift */; };
		D762F4152A1E699300329601 /* FriendRequest.swift in Sources */ = {isa = PBXBuildFile; fileRef = D7C5872529DBAC0700EC9955 /* FriendRequest.swift */; };
		D762F4172A1E83CB00329601 /* FIrestoreService.swift in Sources */ = {isa = PBXBuildFile; fileRef = D762F4162A1E83CB00329601 /* FIrestoreService.swift */; };
		D76759642A02C9F300A1014D /* ActivityNowFormFields.swift in Sources */ = {isa = PBXBuildFile; fileRef = D76759632A02C9F300A1014D /* ActivityNowFormFields.swift */; };
		D76CF91329E64B0600A9EE8F /* CreateUserView.swift in Sources */ = {isa = PBXBuildFile; fileRef = D76CF91229E64B0600A9EE8F /* CreateUserView.swift */; };
		D76CF91729E7589100A9EE8F /* LoginView.swift in Sources */ = {isa = PBXBuildFile; fileRef = D76CF91629E7589100A9EE8F /* LoginView.swift */; };
		D78373CB29E4D5D100FE3074 /* ActivityChooseLocalMap.swift in Sources */ = {isa = PBXBuildFile; fileRef = D78373CA29E4D5D100FE3074 /* ActivityChooseLocalMap.swift */; };
		D78373CE29E50AF400FE3074 /* CreateClubView.swift in Sources */ = {isa = PBXBuildFile; fileRef = D78373CD29E50AF400FE3074 /* CreateClubView.swift */; };
		D78D328429D51F0C00DD2F05 /* RecessTestGroundsApp.swift in Sources */ = {isa = PBXBuildFile; fileRef = D78D328329D51F0C00DD2F05 /* RecessTestGroundsApp.swift */; };
		D78D328629D51F0C00DD2F05 /* ContentView.swift in Sources */ = {isa = PBXBuildFile; fileRef = D78D328529D51F0C00DD2F05 /* ContentView.swift */; };
		D78D328B29D51F0D00DD2F05 /* Preview Assets.xcassets in Resources */ = {isa = PBXBuildFile; fileRef = D78D328A29D51F0D00DD2F05 /* Preview Assets.xcassets */; };
		D78D329329D51F9F00DD2F05 /* User.swift in Sources */ = {isa = PBXBuildFile; fileRef = D78D329229D51F9F00DD2F05 /* User.swift */; };
		D78D329529D5216600DD2F05 /* Activity.swift in Sources */ = {isa = PBXBuildFile; fileRef = D78D329429D5216600DD2F05 /* Activity.swift */; };
		D78D329A29D522E700DD2F05 /* TestData.swift in Sources */ = {isa = PBXBuildFile; fileRef = D78D329929D522E700DD2F05 /* TestData.swift */; };
		D78D329C29D5251100DD2F05 /* DashboardView.swift in Sources */ = {isa = PBXBuildFile; fileRef = D78D329B29D5251100DD2F05 /* DashboardView.swift */; };
		D78D329E29D53B6E00DD2F05 /* ActivityListItem.swift in Sources */ = {isa = PBXBuildFile; fileRef = D78D329D29D53B6E00DD2F05 /* ActivityListItem.swift */; };
		D78D32A029D54AE700DD2F05 /* NextActivityView.swift in Sources */ = {isa = PBXBuildFile; fileRef = D78D329F29D54AE700DD2F05 /* NextActivityView.swift */; };
		D78D32A429D600A300DD2F05 /* ProfilePicView.swift in Sources */ = {isa = PBXBuildFile; fileRef = D78D32A329D600A300DD2F05 /* ProfilePicView.swift */; };
		D78D32A929D60CB300DD2F05 /* Club.swift in Sources */ = {isa = PBXBuildFile; fileRef = D78D32A829D60CB300DD2F05 /* Club.swift */; };
		D78D32AB29D6142100DD2F05 /* ClubListView.swift in Sources */ = {isa = PBXBuildFile; fileRef = D78D32AA29D6142100DD2F05 /* ClubListView.swift */; };
		D78D32AD29D61DD600DD2F05 /* ClubListItem.swift in Sources */ = {isa = PBXBuildFile; fileRef = D78D32AC29D61DD600DD2F05 /* ClubListItem.swift */; };
		D78D32B029D6464100DD2F05 /* ActivityListView.swift in Sources */ = {isa = PBXBuildFile; fileRef = D78D32AF29D6464100DD2F05 /* ActivityListView.swift */; };
		D78D32B529D6747600DD2F05 /* MyProfileView.swift in Sources */ = {isa = PBXBuildFile; fileRef = D78D32B429D6747600DD2F05 /* MyProfileView.swift */; };
		D78D32B729D679D200DD2F05 /* MyProfileHeader.swift in Sources */ = {isa = PBXBuildFile; fileRef = D78D32B629D679D200DD2F05 /* MyProfileHeader.swift */; };
		D7B018C22A05BED400D5C473 /* InfoPageView.swift in Sources */ = {isa = PBXBuildFile; fileRef = D7B018C12A05BED400D5C473 /* InfoPageView.swift */; };
		D7B9CAD429EF28D90085BD72 /* RatingView.swift in Sources */ = {isa = PBXBuildFile; fileRef = D7B9CAD329EF28D90085BD72 /* RatingView.swift */; };
		D7B9CAD629EF2A120085BD72 /* PointsView.swift in Sources */ = {isa = PBXBuildFile; fileRef = D7B9CAD529EF2A120085BD72 /* PointsView.swift */; };
		D7BF82BA29E4A96E0064A7A5 /* FirebaseAnalytics in Frameworks */ = {isa = PBXBuildFile; productRef = D7BF82B929E4A96E0064A7A5 /* FirebaseAnalytics */; };
		D7BF82BC29E4A96E0064A7A5 /* FirebaseAuth in Frameworks */ = {isa = PBXBuildFile; productRef = D7BF82BB29E4A96E0064A7A5 /* FirebaseAuth */; };
		D7BF82BE29E4A96E0064A7A5 /* FirebaseFirestore in Frameworks */ = {isa = PBXBuildFile; productRef = D7BF82BD29E4A96E0064A7A5 /* FirebaseFirestore */; };
		D7BF82C029E4A96E0064A7A5 /* FirebaseFirestoreSwift in Frameworks */ = {isa = PBXBuildFile; productRef = D7BF82BF29E4A96E0064A7A5 /* FirebaseFirestoreSwift */; };
		D7BF82C329E4AB730064A7A5 /* CreateActivityView.swift in Sources */ = {isa = PBXBuildFile; fileRef = D7BF82C229E4AB730064A7A5 /* CreateActivityView.swift */; };
		D7BF82C729E4B31D0064A7A5 /* GoogleService-Info.plist in Resources */ = {isa = PBXBuildFile; fileRef = D7BF82C629E4B31D0064A7A5 /* GoogleService-Info.plist */; };
		D7C5871E29DB591700EC9955 /* ActivityReviewView.swift in Sources */ = {isa = PBXBuildFile; fileRef = D7C5871D29DB591700EC9955 /* ActivityReviewView.swift */; };
		D7C5872029DB618500EC9955 /* ActivityReviewPlayerItem.swift in Sources */ = {isa = PBXBuildFile; fileRef = D7C5871F29DB618500EC9955 /* ActivityReviewPlayerItem.swift */; };
		D7C5872429DB692F00EC9955 /* ActivityActionButtonView.swift in Sources */ = {isa = PBXBuildFile; fileRef = D7C5872329DB692F00EC9955 /* ActivityActionButtonView.swift */; };
		D7C5872629DBAC0700EC9955 /* FriendRequest.swift in Sources */ = {isa = PBXBuildFile; fileRef = D7C5872529DBAC0700EC9955 /* FriendRequest.swift */; };
		D7C5872A29DBCAAC00EC9955 /* TierHeaderView.swift in Sources */ = {isa = PBXBuildFile; fileRef = D7C5872929DBCAAC00EC9955 /* TierHeaderView.swift */; };
		D7C5872C29DBCAF300EC9955 /* AchievementListItem.swift in Sources */ = {isa = PBXBuildFile; fileRef = D7C5872B29DBCAF300EC9955 /* AchievementListItem.swift */; };
		D7C5872E29DBCB5A00EC9955 /* ClubHeaderView.swift in Sources */ = {isa = PBXBuildFile; fileRef = D7C5872D29DBCB5A00EC9955 /* ClubHeaderView.swift */; };
		D7C5873029DBCBBE00EC9955 /* ClubMemberListItem.swift in Sources */ = {isa = PBXBuildFile; fileRef = D7C5872F29DBCBBE00EC9955 /* ClubMemberListItem.swift */; };
		D7C5873229DBCD1400EC9955 /* ActivityDetailHeader.swift in Sources */ = {isa = PBXBuildFile; fileRef = D7C5873129DBCD1400EC9955 /* ActivityDetailHeader.swift */; };
		D7C5873529DBCDE800EC9955 /* ProfileClubsList.swift in Sources */ = {isa = PBXBuildFile; fileRef = D7C5873429DBCDE800EC9955 /* ProfileClubsList.swift */; };
		D7C5873B29DBCF9F00EC9955 /* ProfileAchievementsList.swift in Sources */ = {isa = PBXBuildFile; fileRef = D7C5873A29DBCF9F00EC9955 /* ProfileAchievementsList.swift */; };
		D7C5873F29DBD2A800EC9955 /* ActivityAnnotation.swift in Sources */ = {isa = PBXBuildFile; fileRef = D7C5873E29DBD2A800EC9955 /* ActivityAnnotation.swift */; };
		D7C814CF29D74C0600C7DF7A /* NavBarView.swift in Sources */ = {isa = PBXBuildFile; fileRef = D7C814CE29D74C0600C7DF7A /* NavBarView.swift */; };
		D7C814D229D765C900C7DF7A /* ActivityDetailView.swift in Sources */ = {isa = PBXBuildFile; fileRef = D7C814D129D765C800C7DF7A /* ActivityDetailView.swift */; };
		D7C814D529D7A21600C7DF7A /* ClubDetailView.swift in Sources */ = {isa = PBXBuildFile; fileRef = D7C814D429D7A21600C7DF7A /* ClubDetailView.swift */; };
		D7C814D829D8A00F00C7DF7A /* AchievementView.swift in Sources */ = {isa = PBXBuildFile; fileRef = D7C814D729D8A00F00C7DF7A /* AchievementView.swift */; };
		D7C814DB29D8A6C800C7DF7A /* TierView.swift in Sources */ = {isa = PBXBuildFile; fileRef = D7C814DA29D8A6C800C7DF7A /* TierView.swift */; };
		D7C814DE29D9F5A700C7DF7A /* LocationManager.swift in Sources */ = {isa = PBXBuildFile; fileRef = D7C814DD29D9F5A700C7DF7A /* LocationManager.swift */; };
		D7C814E129D9F7E600C7DF7A /* ActivityMapView.swift in Sources */ = {isa = PBXBuildFile; fileRef = D7C814E029D9F7E600C7DF7A /* ActivityMapView.swift */; };
		D7C814E329DA21FE00C7DF7A /* CameraView.swift in Sources */ = {isa = PBXBuildFile; fileRef = D7C814E229DA21FE00C7DF7A /* CameraView.swift */; };
		D7C814E629DAB17800C7DF7A /* DashboardMapView.swift in Sources */ = {isa = PBXBuildFile; fileRef = D7C814E529DAB17800C7DF7A /* DashboardMapView.swift */; };
		D7C814E929DAB69E00C7DF7A /* Modifiers.swift in Sources */ = {isa = PBXBuildFile; fileRef = D7C814E829DAB69E00C7DF7A /* Modifiers.swift */; };
		D7D070692A016E3800EE01E4 /* CreateUserFields.swift in Sources */ = {isa = PBXBuildFile; fileRef = D7D070682A016E3800EE01E4 /* CreateUserFields.swift */; };
		D7D0706B2A01821400EE01E4 /* ActivityAnnotationDetailView.swift in Sources */ = {isa = PBXBuildFile; fileRef = D7D0706A2A01821400EE01E4 /* ActivityAnnotationDetailView.swift */; };
		D7E391EB2A1FF057006695C5 /* UserTests.swift in Sources */ = {isa = PBXBuildFile; fileRef = D7E391EA2A1FF057006695C5 /* UserTests.swift */; };
/* End PBXBuildFile section */

/* Begin PBXContainerItemProxy section */
		D74DA37029F3363600E1C282 /* PBXContainerItemProxy */ = {
			isa = PBXContainerItemProxy;
			containerPortal = D78D327829D51F0B00DD2F05 /* Project object */;
			proxyType = 1;
			remoteGlobalIDString = D78D327F29D51F0C00DD2F05;
			remoteInfo = RecessTestGrounds;
		};
/* End PBXContainerItemProxy section */

/* Begin PBXFileReference section */
		D7116BFE29F8482F00017DFC /* ActivityAnnotationView.swift */ = {isa = PBXFileReference; lastKnownFileType = sourcecode.swift; path = ActivityAnnotationView.swift; sourceTree = "<group>"; };
		D7116C0029F872AB00017DFC /* PlayerProfile.swift */ = {isa = PBXFileReference; lastKnownFileType = sourcecode.swift; path = PlayerProfile.swift; sourceTree = "<group>"; };
		D7116C0429F8990500017DFC /* ActivityFormFields.swift */ = {isa = PBXFileReference; lastKnownFileType = sourcecode.swift; path = ActivityFormFields.swift; sourceTree = "<group>"; };
		D7222D1C29F1D9DD00E5F5D1 /* ForgotPasswordView.swift */ = {isa = PBXFileReference; lastKnownFileType = sourcecode.swift; path = ForgotPasswordView.swift; sourceTree = "<group>"; };
		D74DA36C29F3363600E1C282 /* RecessTestGroundsTests.xctest */ = {isa = PBXFileReference; explicitFileType = wrapper.cfbundle; includeInIndex = 0; path = RecessTestGroundsTests.xctest; sourceTree = BUILT_PRODUCTS_DIR; };
		D762F4082A1D372700329601 /* ActivityFilterView.swift */ = {isa = PBXFileReference; lastKnownFileType = sourcecode.swift; path = ActivityFilterView.swift; sourceTree = "<group>"; };
		D762F40A2A1E654900329601 /* ActivityTests.swift */ = {isa = PBXFileReference; lastKnownFileType = sourcecode.swift; path = ActivityTests.swift; sourceTree = "<group>"; };
		D762F4162A1E83CB00329601 /* FIrestoreService.swift */ = {isa = PBXFileReference; lastKnownFileType = sourcecode.swift; path = FIrestoreService.swift; sourceTree = "<group>"; };
		D76759632A02C9F300A1014D /* ActivityNowFormFields.swift */ = {isa = PBXFileReference; lastKnownFileType = sourcecode.swift; path = ActivityNowFormFields.swift; sourceTree = "<group>"; };
		D76CF91229E64B0600A9EE8F /* CreateUserView.swift */ = {isa = PBXFileReference; lastKnownFileType = sourcecode.swift; path = CreateUserView.swift; sourceTree = "<group>"; };
		D76CF91629E7589100A9EE8F /* LoginView.swift */ = {isa = PBXFileReference; lastKnownFileType = sourcecode.swift; path = LoginView.swift; sourceTree = "<group>"; };
		D78373CA29E4D5D100FE3074 /* ActivityChooseLocalMap.swift */ = {isa = PBXFileReference; lastKnownFileType = sourcecode.swift; path = ActivityChooseLocalMap.swift; sourceTree = "<group>"; };
		D78373CD29E50AF400FE3074 /* CreateClubView.swift */ = {isa = PBXFileReference; lastKnownFileType = sourcecode.swift; path = CreateClubView.swift; sourceTree = "<group>"; };
		D78D328029D51F0C00DD2F05 /* RecessTestGrounds.app */ = {isa = PBXFileReference; explicitFileType = wrapper.application; includeInIndex = 0; path = RecessTestGrounds.app; sourceTree = BUILT_PRODUCTS_DIR; };
		D78D328329D51F0C00DD2F05 /* RecessTestGroundsApp.swift */ = {isa = PBXFileReference; lastKnownFileType = sourcecode.swift; path = RecessTestGroundsApp.swift; sourceTree = "<group>"; };
		D78D328529D51F0C00DD2F05 /* ContentView.swift */ = {isa = PBXFileReference; lastKnownFileType = sourcecode.swift; path = ContentView.swift; sourceTree = "<group>"; };
		D78D328729D51F0D00DD2F05 /* Assets.xcassets */ = {isa = PBXFileReference; lastKnownFileType = folder.assetcatalog; path = Assets.xcassets; sourceTree = "<group>"; };
		D78D328A29D51F0D00DD2F05 /* Preview Assets.xcassets */ = {isa = PBXFileReference; lastKnownFileType = folder.assetcatalog; path = "Preview Assets.xcassets"; sourceTree = "<group>"; };
		D78D329229D51F9F00DD2F05 /* User.swift */ = {isa = PBXFileReference; lastKnownFileType = sourcecode.swift; path = User.swift; sourceTree = "<group>"; };
		D78D329429D5216600DD2F05 /* Activity.swift */ = {isa = PBXFileReference; lastKnownFileType = sourcecode.swift; path = Activity.swift; sourceTree = "<group>"; };
		D78D329929D522E700DD2F05 /* TestData.swift */ = {isa = PBXFileReference; lastKnownFileType = sourcecode.swift; path = TestData.swift; sourceTree = "<group>"; };
		D78D329B29D5251100DD2F05 /* DashboardView.swift */ = {isa = PBXFileReference; lastKnownFileType = sourcecode.swift; path = DashboardView.swift; sourceTree = "<group>"; };
		D78D329D29D53B6E00DD2F05 /* ActivityListItem.swift */ = {isa = PBXFileReference; lastKnownFileType = sourcecode.swift; path = ActivityListItem.swift; sourceTree = "<group>"; };
		D78D329F29D54AE700DD2F05 /* NextActivityView.swift */ = {isa = PBXFileReference; lastKnownFileType = sourcecode.swift; path = NextActivityView.swift; sourceTree = "<group>"; };
		D78D32A329D600A300DD2F05 /* ProfilePicView.swift */ = {isa = PBXFileReference; lastKnownFileType = sourcecode.swift; path = ProfilePicView.swift; sourceTree = "<group>"; };
		D78D32A829D60CB300DD2F05 /* Club.swift */ = {isa = PBXFileReference; lastKnownFileType = sourcecode.swift; path = Club.swift; sourceTree = "<group>"; };
		D78D32AA29D6142100DD2F05 /* ClubListView.swift */ = {isa = PBXFileReference; lastKnownFileType = sourcecode.swift; path = ClubListView.swift; sourceTree = "<group>"; };
		D78D32AC29D61DD600DD2F05 /* ClubListItem.swift */ = {isa = PBXFileReference; lastKnownFileType = sourcecode.swift; path = ClubListItem.swift; sourceTree = "<group>"; };
		D78D32AF29D6464100DD2F05 /* ActivityListView.swift */ = {isa = PBXFileReference; lastKnownFileType = sourcecode.swift; path = ActivityListView.swift; sourceTree = "<group>"; };
		D78D32B429D6747600DD2F05 /* MyProfileView.swift */ = {isa = PBXFileReference; lastKnownFileType = sourcecode.swift; path = MyProfileView.swift; sourceTree = "<group>"; };
		D78D32B629D679D200DD2F05 /* MyProfileHeader.swift */ = {isa = PBXFileReference; lastKnownFileType = sourcecode.swift; path = MyProfileHeader.swift; sourceTree = "<group>"; };
		D7B018C12A05BED400D5C473 /* InfoPageView.swift */ = {isa = PBXFileReference; lastKnownFileType = sourcecode.swift; path = InfoPageView.swift; sourceTree = "<group>"; };
		D7B9CAD329EF28D90085BD72 /* RatingView.swift */ = {isa = PBXFileReference; lastKnownFileType = sourcecode.swift; path = RatingView.swift; sourceTree = "<group>"; };
		D7B9CAD529EF2A120085BD72 /* PointsView.swift */ = {isa = PBXFileReference; lastKnownFileType = sourcecode.swift; path = PointsView.swift; sourceTree = "<group>"; };
		D7BF82C229E4AB730064A7A5 /* CreateActivityView.swift */ = {isa = PBXFileReference; lastKnownFileType = sourcecode.swift; path = CreateActivityView.swift; sourceTree = "<group>"; };
		D7BF82C629E4B31D0064A7A5 /* GoogleService-Info.plist */ = {isa = PBXFileReference; fileEncoding = 4; lastKnownFileType = text.plist.xml; path = "GoogleService-Info.plist"; sourceTree = "<group>"; };
		D7C5871D29DB591700EC9955 /* ActivityReviewView.swift */ = {isa = PBXFileReference; lastKnownFileType = sourcecode.swift; path = ActivityReviewView.swift; sourceTree = "<group>"; };
		D7C5871F29DB618500EC9955 /* ActivityReviewPlayerItem.swift */ = {isa = PBXFileReference; lastKnownFileType = sourcecode.swift; path = ActivityReviewPlayerItem.swift; sourceTree = "<group>"; };
		D7C5872329DB692F00EC9955 /* ActivityActionButtonView.swift */ = {isa = PBXFileReference; lastKnownFileType = sourcecode.swift; path = ActivityActionButtonView.swift; sourceTree = "<group>"; };
		D7C5872529DBAC0700EC9955 /* FriendRequest.swift */ = {isa = PBXFileReference; lastKnownFileType = sourcecode.swift; path = FriendRequest.swift; sourceTree = "<group>"; };
		D7C5872929DBCAAC00EC9955 /* TierHeaderView.swift */ = {isa = PBXFileReference; lastKnownFileType = sourcecode.swift; path = TierHeaderView.swift; sourceTree = "<group>"; };
		D7C5872B29DBCAF300EC9955 /* AchievementListItem.swift */ = {isa = PBXFileReference; lastKnownFileType = sourcecode.swift; path = AchievementListItem.swift; sourceTree = "<group>"; };
		D7C5872D29DBCB5A00EC9955 /* ClubHeaderView.swift */ = {isa = PBXFileReference; lastKnownFileType = sourcecode.swift; path = ClubHeaderView.swift; sourceTree = "<group>"; };
		D7C5872F29DBCBBE00EC9955 /* ClubMemberListItem.swift */ = {isa = PBXFileReference; lastKnownFileType = sourcecode.swift; path = ClubMemberListItem.swift; sourceTree = "<group>"; };
		D7C5873129DBCD1400EC9955 /* ActivityDetailHeader.swift */ = {isa = PBXFileReference; lastKnownFileType = sourcecode.swift; path = ActivityDetailHeader.swift; sourceTree = "<group>"; };
		D7C5873429DBCDE800EC9955 /* ProfileClubsList.swift */ = {isa = PBXFileReference; lastKnownFileType = sourcecode.swift; path = ProfileClubsList.swift; sourceTree = "<group>"; };
		D7C5873A29DBCF9F00EC9955 /* ProfileAchievementsList.swift */ = {isa = PBXFileReference; lastKnownFileType = sourcecode.swift; path = ProfileAchievementsList.swift; sourceTree = "<group>"; };
		D7C5873E29DBD2A800EC9955 /* ActivityAnnotation.swift */ = {isa = PBXFileReference; lastKnownFileType = sourcecode.swift; path = ActivityAnnotation.swift; sourceTree = "<group>"; };
		D7C814CE29D74C0600C7DF7A /* NavBarView.swift */ = {isa = PBXFileReference; lastKnownFileType = sourcecode.swift; path = NavBarView.swift; sourceTree = "<group>"; };
		D7C814D129D765C800C7DF7A /* ActivityDetailView.swift */ = {isa = PBXFileReference; lastKnownFileType = sourcecode.swift; path = ActivityDetailView.swift; sourceTree = "<group>"; };
		D7C814D429D7A21600C7DF7A /* ClubDetailView.swift */ = {isa = PBXFileReference; lastKnownFileType = sourcecode.swift; path = ClubDetailView.swift; sourceTree = "<group>"; };
		D7C814D729D8A00F00C7DF7A /* AchievementView.swift */ = {isa = PBXFileReference; lastKnownFileType = sourcecode.swift; path = AchievementView.swift; sourceTree = "<group>"; };
		D7C814DA29D8A6C800C7DF7A /* TierView.swift */ = {isa = PBXFileReference; lastKnownFileType = sourcecode.swift; path = TierView.swift; sourceTree = "<group>"; };
		D7C814DC29D9F49E00C7DF7A /* Info.plist */ = {isa = PBXFileReference; lastKnownFileType = text.plist; path = Info.plist; sourceTree = "<group>"; };
		D7C814DD29D9F5A700C7DF7A /* LocationManager.swift */ = {isa = PBXFileReference; lastKnownFileType = sourcecode.swift; path = LocationManager.swift; sourceTree = "<group>"; };
		D7C814E029D9F7E600C7DF7A /* ActivityMapView.swift */ = {isa = PBXFileReference; lastKnownFileType = sourcecode.swift; path = ActivityMapView.swift; sourceTree = "<group>"; };
		D7C814E229DA21FE00C7DF7A /* CameraView.swift */ = {isa = PBXFileReference; lastKnownFileType = sourcecode.swift; path = CameraView.swift; sourceTree = "<group>"; };
		D7C814E529DAB17800C7DF7A /* DashboardMapView.swift */ = {isa = PBXFileReference; lastKnownFileType = sourcecode.swift; path = DashboardMapView.swift; sourceTree = "<group>"; };
		D7C814E829DAB69E00C7DF7A /* Modifiers.swift */ = {isa = PBXFileReference; lastKnownFileType = sourcecode.swift; path = Modifiers.swift; sourceTree = "<group>"; };
		D7D070682A016E3800EE01E4 /* CreateUserFields.swift */ = {isa = PBXFileReference; lastKnownFileType = sourcecode.swift; path = CreateUserFields.swift; sourceTree = "<group>"; };
		D7D0706A2A01821400EE01E4 /* ActivityAnnotationDetailView.swift */ = {isa = PBXFileReference; lastKnownFileType = sourcecode.swift; path = ActivityAnnotationDetailView.swift; sourceTree = "<group>"; };
		D7E391EA2A1FF057006695C5 /* UserTests.swift */ = {isa = PBXFileReference; lastKnownFileType = sourcecode.swift; path = UserTests.swift; sourceTree = "<group>"; };
/* End PBXFileReference section */

/* Begin PBXFrameworksBuildPhase section */
		D74DA36929F3363600E1C282 /* Frameworks */ = {
			isa = PBXFrameworksBuildPhase;
			buildActionMask = 2147483647;
			files = (
				D762F4112A1E679A00329601 /* FirebaseFirestore in Frameworks */,
			);
			runOnlyForDeploymentPostprocessing = 0;
		};
		D78D327D29D51F0C00DD2F05 /* Frameworks */ = {
			isa = PBXFrameworksBuildPhase;
			buildActionMask = 2147483647;
			files = (
				D7BF82BA29E4A96E0064A7A5 /* FirebaseAnalytics in Frameworks */,
				D7BF82BC29E4A96E0064A7A5 /* FirebaseAuth in Frameworks */,
				D7BF82BE29E4A96E0064A7A5 /* FirebaseFirestore in Frameworks */,
				D7BF82C029E4A96E0064A7A5 /* FirebaseFirestoreSwift in Frameworks */,
			);
			runOnlyForDeploymentPostprocessing = 0;
		};
/* End PBXFrameworksBuildPhase section */

/* Begin PBXGroup section */
		D7116BFB29F8464300017DFC /* MapView */ = {
			isa = PBXGroup;
			children = (
				D7C5873E29DBD2A800EC9955 /* ActivityAnnotation.swift */,
				D7C814E529DAB17800C7DF7A /* DashboardMapView.swift */,
				D7116BFE29F8482F00017DFC /* ActivityAnnotationView.swift */,
				D7D0706A2A01821400EE01E4 /* ActivityAnnotationDetailView.swift */,
			);
			path = MapView;
			sourceTree = "<group>";
		};
		D762F40F2A1E679A00329601 /* Frameworks */ = {
			isa = PBXGroup;
			children = (
			);
			name = Frameworks;
			sourceTree = "<group>";
		};
		D78373CC29E50AD800FE3074 /* Activity */ = {
			isa = PBXGroup;
			children = (
				D78373CA29E4D5D100FE3074 /* ActivityChooseLocalMap.swift */,
				D7BF82C229E4AB730064A7A5 /* CreateActivityView.swift */,
				D7116C0429F8990500017DFC /* ActivityFormFields.swift */,
				D76759632A02C9F300A1014D /* ActivityNowFormFields.swift */,
			);
			path = Activity;
			sourceTree = "<group>";
		};
		D78D327729D51F0B00DD2F05 = {
			isa = PBXGroup;
			children = (
				D7E391EA2A1FF057006695C5 /* UserTests.swift */,
				D762F40A2A1E654900329601 /* ActivityTests.swift */,
				D78D328229D51F0C00DD2F05 /* RecessTestGrounds */,
				D78D328129D51F0C00DD2F05 /* Products */,
				D762F40F2A1E679A00329601 /* Frameworks */,
			);
			sourceTree = "<group>";
		};
		D78D328129D51F0C00DD2F05 /* Products */ = {
			isa = PBXGroup;
			children = (
				D78D328029D51F0C00DD2F05 /* RecessTestGrounds.app */,
				D74DA36C29F3363600E1C282 /* RecessTestGroundsTests.xctest */,
			);
			name = Products;
			sourceTree = "<group>";
		};
		D78D328229D51F0C00DD2F05 /* RecessTestGrounds */ = {
			isa = PBXGroup;
			children = (
				D7BF82C629E4B31D0064A7A5 /* GoogleService-Info.plist */,
				D7C814DC29D9F49E00C7DF7A /* Info.plist */,
				D78D328329D51F0C00DD2F05 /* RecessTestGroundsApp.swift */,
				D78D328529D51F0C00DD2F05 /* ContentView.swift */,
				D78D328729D51F0D00DD2F05 /* Assets.xcassets */,
				D7BF82C129E4AB620064A7A5 /* CreationViews */,
				D7C814DF29D9F5F200C7DF7A /* Helpers */,
				D7C814D629D89FF300C7DF7A /* Achievements */,
				D7C814D329D7A20000C7DF7A /* ClubDetail */,
				D7C814D029D765B700C7DF7A /* ActivityDetail */,
				D78D32B329D657C200DD2F05 /* UserProfile */,
				D78D32AE29D6462E00DD2F05 /* ActivityList */,
				D78D32A729D60C8500DD2F05 /* ClubsList */,
				D78D329629D5227F00DD2F05 /* Dashboard */,
				D78D329129D51F7400DD2F05 /* Models */,
				D78D328929D51F0D00DD2F05 /* Preview Content */,
			);
			path = RecessTestGrounds;
			sourceTree = "<group>";
		};
		D78D328929D51F0D00DD2F05 /* Preview Content */ = {
			isa = PBXGroup;
			children = (
				D78D328A29D51F0D00DD2F05 /* Preview Assets.xcassets */,
			);
			path = "Preview Content";
			sourceTree = "<group>";
		};
		D78D329129D51F7400DD2F05 /* Models */ = {
			isa = PBXGroup;
			children = (
				D78D329229D51F9F00DD2F05 /* User.swift */,
				D78D329429D5216600DD2F05 /* Activity.swift */,
				D78D32A829D60CB300DD2F05 /* Club.swift */,
				D7C5872529DBAC0700EC9955 /* FriendRequest.swift */,
			);
			path = Models;
			sourceTree = "<group>";
		};
		D78D329629D5227F00DD2F05 /* Dashboard */ = {
			isa = PBXGroup;
			children = (
				D78D329B29D5251100DD2F05 /* DashboardView.swift */,
				D78D329F29D54AE700DD2F05 /* NextActivityView.swift */,
				D78D32A329D600A300DD2F05 /* ProfilePicView.swift */,
			);
			path = Dashboard;
			sourceTree = "<group>";
		};
		D78D32A729D60C8500DD2F05 /* ClubsList */ = {
			isa = PBXGroup;
			children = (
				D78D32AA29D6142100DD2F05 /* ClubListView.swift */,
				D78D32AC29D61DD600DD2F05 /* ClubListItem.swift */,
			);
			path = ClubsList;
			sourceTree = "<group>";
		};
		D78D32AE29D6462E00DD2F05 /* ActivityList */ = {
			isa = PBXGroup;
			children = (
				D7116BFB29F8464300017DFC /* MapView */,
				D78D329D29D53B6E00DD2F05 /* ActivityListItem.swift */,
				D78D32AF29D6464100DD2F05 /* ActivityListView.swift */,
				D762F4082A1D372700329601 /* ActivityFilterView.swift */,
			);
			path = ActivityList;
			sourceTree = "<group>";
		};
		D78D32B329D657C200DD2F05 /* UserProfile */ = {
			isa = PBXGroup;
			children = (
				D7B9CAD229EF28A10085BD72 /* Header */,
				D7B9CAD129EF287A0085BD72 /* ProfileListVIews */,
				D78D32B429D6747600DD2F05 /* MyProfileView.swift */,
				D7C814E229DA21FE00C7DF7A /* CameraView.swift */,
				D7116C0029F872AB00017DFC /* PlayerProfile.swift */,
			);
			path = UserProfile;
			sourceTree = "<group>";
		};
		D7B9CAD129EF287A0085BD72 /* ProfileListVIews */ = {
			isa = PBXGroup;
			children = (
				D7C5873A29DBCF9F00EC9955 /* ProfileAchievementsList.swift */,
				D7C5873429DBCDE800EC9955 /* ProfileClubsList.swift */,
			);
			path = ProfileListVIews;
			sourceTree = "<group>";
		};
		D7B9CAD229EF28A10085BD72 /* Header */ = {
			isa = PBXGroup;
			children = (
				D7C814D929D8A6B800C7DF7A /* Tiers */,
				D78D32B629D679D200DD2F05 /* MyProfileHeader.swift */,
				D7B9CAD329EF28D90085BD72 /* RatingView.swift */,
				D7B9CAD529EF2A120085BD72 /* PointsView.swift */,
			);
			path = Header;
			sourceTree = "<group>";
		};
		D7BF82C129E4AB620064A7A5 /* CreationViews */ = {
			isa = PBXGroup;
			children = (
				D7D070672A016DF600EE01E4 /* User */,
				D78373CC29E50AD800FE3074 /* Activity */,
				D78373CD29E50AF400FE3074 /* CreateClubView.swift */,
			);
			path = CreationViews;
			sourceTree = "<group>";
		};
		D7C5872129DB67E800EC9955 /* ActivityReview */ = {
			isa = PBXGroup;
			children = (
				D7C5871F29DB618500EC9955 /* ActivityReviewPlayerItem.swift */,
				D7C5871D29DB591700EC9955 /* ActivityReviewView.swift */,
			);
			path = ActivityReview;
			sourceTree = "<group>";
		};
		D7C5873329DBCD6D00EC9955 /* ActivityDetailViews */ = {
			isa = PBXGroup;
			children = (
				D7C5873129DBCD1400EC9955 /* ActivityDetailHeader.swift */,
				D7C5872329DB692F00EC9955 /* ActivityActionButtonView.swift */,
				D7C814E029D9F7E600C7DF7A /* ActivityMapView.swift */,
				D7C814D129D765C800C7DF7A /* ActivityDetailView.swift */,
			);
			path = ActivityDetailViews;
			sourceTree = "<group>";
		};
		D7C814D029D765B700C7DF7A /* ActivityDetail */ = {
			isa = PBXGroup;
			children = (
				D7C5873329DBCD6D00EC9955 /* ActivityDetailViews */,
				D7C5872129DB67E800EC9955 /* ActivityReview */,
			);
			path = ActivityDetail;
			sourceTree = "<group>";
		};
		D7C814D329D7A20000C7DF7A /* ClubDetail */ = {
			isa = PBXGroup;
			children = (
				D7C814D429D7A21600C7DF7A /* ClubDetailView.swift */,
				D7C5872D29DBCB5A00EC9955 /* ClubHeaderView.swift */,
				D7C5872F29DBCBBE00EC9955 /* ClubMemberListItem.swift */,
			);
			path = ClubDetail;
			sourceTree = "<group>";
		};
		D7C814D629D89FF300C7DF7A /* Achievements */ = {
			isa = PBXGroup;
			children = (
				D7C814D729D8A00F00C7DF7A /* AchievementView.swift */,
				D7C5872B29DBCAF300EC9955 /* AchievementListItem.swift */,
			);
			path = Achievements;
			sourceTree = "<group>";
		};
		D7C814D929D8A6B800C7DF7A /* Tiers */ = {
			isa = PBXGroup;
			children = (
				D7C814DA29D8A6C800C7DF7A /* TierView.swift */,
				D7C5872929DBCAAC00EC9955 /* TierHeaderView.swift */,
			);
			path = Tiers;
			sourceTree = "<group>";
		};
		D7C814DF29D9F5F200C7DF7A /* Helpers */ = {
			isa = PBXGroup;
			children = (
				D7C814E729DAB64200C7DF7A /* DataManagers */,
				D7C814CE29D74C0600C7DF7A /* NavBarView.swift */,
				D7C814E829DAB69E00C7DF7A /* Modifiers.swift */,
				D76CF91629E7589100A9EE8F /* LoginView.swift */,
				D7222D1C29F1D9DD00E5F5D1 /* ForgotPasswordView.swift */,
				D7B018C12A05BED400D5C473 /* InfoPageView.swift */,
			);
			path = Helpers;
			sourceTree = "<group>";
		};
		D7C814E729DAB64200C7DF7A /* DataManagers */ = {
			isa = PBXGroup;
			children = (
				D78D329929D522E700DD2F05 /* TestData.swift */,
				D7C814DD29D9F5A700C7DF7A /* LocationManager.swift */,
				D762F4162A1E83CB00329601 /* FIrestoreService.swift */,
			);
			path = DataManagers;
			sourceTree = "<group>";
		};
		D7D070672A016DF600EE01E4 /* User */ = {
			isa = PBXGroup;
			children = (
				D76CF91229E64B0600A9EE8F /* CreateUserView.swift */,
				D7D070682A016E3800EE01E4 /* CreateUserFields.swift */,
			);
			path = User;
			sourceTree = "<group>";
		};
/* End PBXGroup section */

/* Begin PBXNativeTarget section */
		D74DA36B29F3363600E1C282 /* RecessTestGroundsTests */ = {
			isa = PBXNativeTarget;
			buildConfigurationList = D74DA37229F3363600E1C282 /* Build configuration list for PBXNativeTarget "RecessTestGroundsTests" */;
			buildPhases = (
				D74DA36829F3363600E1C282 /* Sources */,
				D74DA36929F3363600E1C282 /* Frameworks */,
				D74DA36A29F3363600E1C282 /* Resources */,
			);
			buildRules = (
			);
			dependencies = (
				D74DA37129F3363600E1C282 /* PBXTargetDependency */,
			);
			name = RecessTestGroundsTests;
			packageProductDependencies = (
				D762F4102A1E679A00329601 /* FirebaseFirestore */,
			);
			productName = RecessTestGroundsTests;
			productReference = D74DA36C29F3363600E1C282 /* RecessTestGroundsTests.xctest */;
			productType = "com.apple.product-type.bundle.unit-test";
		};
		D78D327F29D51F0C00DD2F05 /* RecessTestGrounds */ = {
			isa = PBXNativeTarget;
			buildConfigurationList = D78D328E29D51F0D00DD2F05 /* Build configuration list for PBXNativeTarget "RecessTestGrounds" */;
			buildPhases = (
				D78D327C29D51F0C00DD2F05 /* Sources */,
				D78D327D29D51F0C00DD2F05 /* Frameworks */,
				D78D327E29D51F0C00DD2F05 /* Resources */,
			);
			buildRules = (
			);
			dependencies = (
				D71B80A629FF0A7600E9BC4F /* PBXTargetDependency */,
				D71B80A429FF0A6E00E9BC4F /* PBXTargetDependency */,
				D71B80A229FF0A6800E9BC4F /* PBXTargetDependency */,
			);
			name = RecessTestGrounds;
			packageProductDependencies = (
				D7BF82B929E4A96E0064A7A5 /* FirebaseAnalytics */,
				D7BF82BB29E4A96E0064A7A5 /* FirebaseAuth */,
				D7BF82BD29E4A96E0064A7A5 /* FirebaseFirestore */,
				D7BF82BF29E4A96E0064A7A5 /* FirebaseFirestoreSwift */,
			);
			productName = RecessTestGrounds;
			productReference = D78D328029D51F0C00DD2F05 /* RecessTestGrounds.app */;
			productType = "com.apple.product-type.application";
		};
/* End PBXNativeTarget section */

/* Begin PBXProject section */
		D78D327829D51F0B00DD2F05 /* Project object */ = {
			isa = PBXProject;
			attributes = {
				BuildIndependentTargetsInParallel = 1;
				LastSwiftUpdateCheck = 1420;
				LastUpgradeCheck = 1430;
				TargetAttributes = {
					D74DA36B29F3363600E1C282 = {
						CreatedOnToolsVersion = 14.2;
						TestTargetID = D78D327F29D51F0C00DD2F05;
					};
					D78D327F29D51F0C00DD2F05 = {
						CreatedOnToolsVersion = 14.2;
					};
				};
			};
			buildConfigurationList = D78D327B29D51F0B00DD2F05 /* Build configuration list for PBXProject "RecessTestGrounds" */;
			compatibilityVersion = "Xcode 14.0";
			developmentRegion = en;
			hasScannedForEncodings = 0;
			knownRegions = (
				en,
				Base,
			);
			mainGroup = D78D327729D51F0B00DD2F05;
			packageReferences = (
				D7BF82B829E4A96E0064A7A5 /* XCRemoteSwiftPackageReference "firebase-ios-sdk" */,
			);
			productRefGroup = D78D328129D51F0C00DD2F05 /* Products */;
			projectDirPath = "";
			projectRoot = "";
			targets = (
				D78D327F29D51F0C00DD2F05 /* RecessTestGrounds */,
				D74DA36B29F3363600E1C282 /* RecessTestGroundsTests */,
			);
		};
/* End PBXProject section */

/* Begin PBXResourcesBuildPhase section */
		D74DA36A29F3363600E1C282 /* Resources */ = {
			isa = PBXResourcesBuildPhase;
			buildActionMask = 2147483647;
			files = (
			);
			runOnlyForDeploymentPostprocessing = 0;
		};
		D78D327E29D51F0C00DD2F05 /* Resources */ = {
			isa = PBXResourcesBuildPhase;
			buildActionMask = 2147483647;
			files = (
				D78D328B29D51F0D00DD2F05 /* Preview Assets.xcassets in Resources */,
				D742A2F529F97EA100CFAF8A /* Assets.xcassets in Resources */,
				D7BF82C729E4B31D0064A7A5 /* GoogleService-Info.plist in Resources */,
			);
			runOnlyForDeploymentPostprocessing = 0;
		};
/* End PBXResourcesBuildPhase section */

/* Begin PBXSourcesBuildPhase section */
		D74DA36829F3363600E1C282 /* Sources */ = {
			isa = PBXSourcesBuildPhase;
			buildActionMask = 2147483647;
			files = (
				D762F40B2A1E654900329601 /* ActivityTests.swift in Sources */,
				D74DA37629F3371500E1C282 /* Activity.swift in Sources */,
				D762F4142A1E696F00329601 /* Club.swift in Sources */,
				D7E391EB2A1FF057006695C5 /* UserTests.swift in Sources */,
				D762F4122A1E68FF00329601 /* User.swift in Sources */,
				D762F4132A1E691900329601 /* TestData.swift in Sources */,
				D762F4152A1E699300329601 /* FriendRequest.swift in Sources */,
			);
			runOnlyForDeploymentPostprocessing = 0;
		};
		D78D327C29D51F0C00DD2F05 /* Sources */ = {
			isa = PBXSourcesBuildPhase;
			buildActionMask = 2147483647;
			files = (
				D7116BFF29F8482F00017DFC /* ActivityAnnotationView.swift in Sources */,
				D78D32B529D6747600DD2F05 /* MyProfileView.swift in Sources */,
				D78D32A929D60CB300DD2F05 /* Club.swift in Sources */,
				D78D32AD29D61DD600DD2F05 /* ClubListItem.swift in Sources */,
				D7C814E629DAB17800C7DF7A /* DashboardMapView.swift in Sources */,
				D7C814DB29D8A6C800C7DF7A /* TierView.swift in Sources */,
				D7C814D829D8A00F00C7DF7A /* AchievementView.swift in Sources */,
				D762F4092A1D372700329601 /* ActivityFilterView.swift in Sources */,
				D7C5872A29DBCAAC00EC9955 /* TierHeaderView.swift in Sources */,
				D76759642A02C9F300A1014D /* ActivityNowFormFields.swift in Sources */,
				D7B9CAD429EF28D90085BD72 /* RatingView.swift in Sources */,
				D7B9CAD629EF2A120085BD72 /* PointsView.swift in Sources */,
				D7116C0129F872AB00017DFC /* PlayerProfile.swift in Sources */,
				D78373CE29E50AF400FE3074 /* CreateClubView.swift in Sources */,
				D7C814CF29D74C0600C7DF7A /* NavBarView.swift in Sources */,
				D7C5872E29DBCB5A00EC9955 /* ClubHeaderView.swift in Sources */,
				D7C814DE29D9F5A700C7DF7A /* LocationManager.swift in Sources */,
				D7B018C22A05BED400D5C473 /* InfoPageView.swift in Sources */,
				D7D070692A016E3800EE01E4 /* CreateUserFields.swift in Sources */,
				D78D32A029D54AE700DD2F05 /* NextActivityView.swift in Sources */,
				D7D0706B2A01821400EE01E4 /* ActivityAnnotationDetailView.swift in Sources */,
				D78D329E29D53B6E00DD2F05 /* ActivityListItem.swift in Sources */,
				D78D328629D51F0C00DD2F05 /* ContentView.swift in Sources */,
				D78D32A429D600A300DD2F05 /* ProfilePicView.swift in Sources */,
				D7C5873B29DBCF9F00EC9955 /* ProfileAchievementsList.swift in Sources */,
				D78D32B029D6464100DD2F05 /* ActivityListView.swift in Sources */,
				D7BF82C329E4AB730064A7A5 /* CreateActivityView.swift in Sources */,
				D78D329C29D5251100DD2F05 /* DashboardView.swift in Sources */,
				D7C814E929DAB69E00C7DF7A /* Modifiers.swift in Sources */,
				D78D328429D51F0C00DD2F05 /* RecessTestGroundsApp.swift in Sources */,
				D7C5873529DBCDE800EC9955 /* ProfileClubsList.swift in Sources */,
				D7C5872C29DBCAF300EC9955 /* AchievementListItem.swift in Sources */,
				D7C5872029DB618500EC9955 /* ActivityReviewPlayerItem.swift in Sources */,
				D7C5873229DBCD1400EC9955 /* ActivityDetailHeader.swift in Sources */,
				D7C5872429DB692F00EC9955 /* ActivityActionButtonView.swift in Sources */,
				D76CF91729E7589100A9EE8F /* LoginView.swift in Sources */,
				D7116C0529F8990500017DFC /* ActivityFormFields.swift in Sources */,
				D78D329529D5216600DD2F05 /* Activity.swift in Sources */,
				D78D329A29D522E700DD2F05 /* TestData.swift in Sources */,
				D7222D1D29F1D9DD00E5F5D1 /* ForgotPasswordView.swift in Sources */,
				D762F4172A1E83CB00329601 /* FIrestoreService.swift in Sources */,
				D78373CB29E4D5D100FE3074 /* ActivityChooseLocalMap.swift in Sources */,
				D7C814D529D7A21600C7DF7A /* ClubDetailView.swift in Sources */,
				D7C814D229D765C900C7DF7A /* ActivityDetailView.swift in Sources */,
				D78D32AB29D6142100DD2F05 /* ClubListView.swift in Sources */,
				D78D329329D51F9F00DD2F05 /* User.swift in Sources */,
				D7C814E129D9F7E600C7DF7A /* ActivityMapView.swift in Sources */,
				D7C5873F29DBD2A800EC9955 /* ActivityAnnotation.swift in Sources */,
				D7C5873029DBCBBE00EC9955 /* ClubMemberListItem.swift in Sources */,
				D7C5872629DBAC0700EC9955 /* FriendRequest.swift in Sources */,
				D7C5871E29DB591700EC9955 /* ActivityReviewView.swift in Sources */,
				D7C814E329DA21FE00C7DF7A /* CameraView.swift in Sources */,
				D78D32B729D679D200DD2F05 /* MyProfileHeader.swift in Sources */,
				D76CF91329E64B0600A9EE8F /* CreateUserView.swift in Sources */,
			);
			runOnlyForDeploymentPostprocessing = 0;
		};
/* End PBXSourcesBuildPhase section */

/* Begin PBXTargetDependency section */
		D71B80A229FF0A6800E9BC4F /* PBXTargetDependency */ = {
			isa = PBXTargetDependency;
			productRef = D71B80A129FF0A6800E9BC4F /* FirebaseFirestoreSwift */;
		};
		D71B80A429FF0A6E00E9BC4F /* PBXTargetDependency */ = {
			isa = PBXTargetDependency;
			productRef = D71B80A329FF0A6E00E9BC4F /* FirebaseAuth */;
		};
		D71B80A629FF0A7600E9BC4F /* PBXTargetDependency */ = {
			isa = PBXTargetDependency;
			productRef = D71B80A529FF0A7600E9BC4F /* FirebaseFirestore */;
		};
		D74DA37129F3363600E1C282 /* PBXTargetDependency */ = {
			isa = PBXTargetDependency;
			target = D78D327F29D51F0C00DD2F05 /* RecessTestGrounds */;
			targetProxy = D74DA37029F3363600E1C282 /* PBXContainerItemProxy */;
		};
/* End PBXTargetDependency section */

/* Begin XCBuildConfiguration section */
		D74DA37329F3363600E1C282 /* Debug */ = {
			isa = XCBuildConfiguration;
			buildSettings = {
				BUNDLE_LOADER = "$(TEST_HOST)";
				CODE_SIGN_STYLE = Automatic;
				CURRENT_PROJECT_VERSION = 1;
				DEAD_CODE_STRIPPING = YES;
				DEVELOPMENT_TEAM = 8ZZ637J6T2;
				GENERATE_INFOPLIST_FILE = YES;
				IPHONEOS_DEPLOYMENT_TARGET = 16.2;
				MACOSX_DEPLOYMENT_TARGET = 13.1;
				MARKETING_VERSION = 1.0;
				PRODUCT_BUNDLE_IDENTIFIER = com.torriporter.RecessTestGroundsTests;
				PRODUCT_NAME = "$(TARGET_NAME)";
				SDKROOT = auto;
				SUPPORTED_PLATFORMS = "iphoneos iphonesimulator macosx";
				SWIFT_EMIT_LOC_STRINGS = NO;
				SWIFT_VERSION = 5.0;
				TARGETED_DEVICE_FAMILY = "1,2";
				TEST_HOST = "$(BUILT_PRODUCTS_DIR)/RecessTestGrounds.app/$(BUNDLE_EXECUTABLE_FOLDER_PATH)/RecessTestGrounds";
			};
			name = Debug;
		};
		D74DA37429F3363600E1C282 /* Release */ = {
			isa = XCBuildConfiguration;
			buildSettings = {
				BUNDLE_LOADER = "$(TEST_HOST)";
				CODE_SIGN_STYLE = Automatic;
				CURRENT_PROJECT_VERSION = 1;
				DEAD_CODE_STRIPPING = YES;
				DEVELOPMENT_TEAM = 8ZZ637J6T2;
				GENERATE_INFOPLIST_FILE = YES;
				IPHONEOS_DEPLOYMENT_TARGET = 16.2;
				MACOSX_DEPLOYMENT_TARGET = 13.1;
				MARKETING_VERSION = 1.0;
				PRODUCT_BUNDLE_IDENTIFIER = com.torriporter.RecessTestGroundsTests;
				PRODUCT_NAME = "$(TARGET_NAME)";
				SDKROOT = auto;
				SUPPORTED_PLATFORMS = "iphoneos iphonesimulator macosx";
				SWIFT_EMIT_LOC_STRINGS = NO;
				SWIFT_VERSION = 5.0;
				TARGETED_DEVICE_FAMILY = "1,2";
				TEST_HOST = "$(BUILT_PRODUCTS_DIR)/RecessTestGrounds.app/$(BUNDLE_EXECUTABLE_FOLDER_PATH)/RecessTestGrounds";
			};
			name = Release;
		};
		D78D328C29D51F0D00DD2F05 /* Debug */ = {
			isa = XCBuildConfiguration;
			buildSettings = {
				ALWAYS_SEARCH_USER_PATHS = NO;
				CLANG_ANALYZER_NONNULL = YES;
				CLANG_ANALYZER_NUMBER_OBJECT_CONVERSION = YES_AGGRESSIVE;
				CLANG_CXX_LANGUAGE_STANDARD = "gnu++20";
				CLANG_ENABLE_MODULES = YES;
				CLANG_ENABLE_OBJC_ARC = YES;
				CLANG_ENABLE_OBJC_WEAK = YES;
				CLANG_WARN_BLOCK_CAPTURE_AUTORELEASING = YES;
				CLANG_WARN_BOOL_CONVERSION = YES;
				CLANG_WARN_COMMA = YES;
				CLANG_WARN_CONSTANT_CONVERSION = YES;
				CLANG_WARN_DEPRECATED_OBJC_IMPLEMENTATIONS = YES;
				CLANG_WARN_DIRECT_OBJC_ISA_USAGE = YES_ERROR;
				CLANG_WARN_DOCUMENTATION_COMMENTS = YES;
				CLANG_WARN_EMPTY_BODY = YES;
				CLANG_WARN_ENUM_CONVERSION = YES;
				CLANG_WARN_INFINITE_RECURSION = YES;
				CLANG_WARN_INT_CONVERSION = YES;
				CLANG_WARN_NON_LITERAL_NULL_CONVERSION = YES;
				CLANG_WARN_OBJC_IMPLICIT_RETAIN_SELF = YES;
				CLANG_WARN_OBJC_LITERAL_CONVERSION = YES;
				CLANG_WARN_OBJC_ROOT_CLASS = YES_ERROR;
				CLANG_WARN_QUOTED_INCLUDE_IN_FRAMEWORK_HEADER = YES;
				CLANG_WARN_RANGE_LOOP_ANALYSIS = YES;
				CLANG_WARN_STRICT_PROTOTYPES = YES;
				CLANG_WARN_SUSPICIOUS_MOVE = YES;
				CLANG_WARN_UNGUARDED_AVAILABILITY = YES_AGGRESSIVE;
				CLANG_WARN_UNREACHABLE_CODE = YES;
				CLANG_WARN__DUPLICATE_METHOD_MATCH = YES;
				COPY_PHASE_STRIP = NO;
				DEBUG_INFORMATION_FORMAT = dwarf;
				ENABLE_STRICT_OBJC_MSGSEND = YES;
				ENABLE_TESTABILITY = YES;
				GCC_C_LANGUAGE_STANDARD = gnu11;
				GCC_DYNAMIC_NO_PIC = NO;
				GCC_NO_COMMON_BLOCKS = YES;
				GCC_OPTIMIZATION_LEVEL = 0;
				GCC_PREPROCESSOR_DEFINITIONS = (
					"DEBUG=1",
					"$(inherited)",
				);
				GCC_WARN_64_TO_32_BIT_CONVERSION = YES;
				GCC_WARN_ABOUT_RETURN_TYPE = YES_ERROR;
				GCC_WARN_UNDECLARED_SELECTOR = YES;
				GCC_WARN_UNINITIALIZED_AUTOS = YES_AGGRESSIVE;
				GCC_WARN_UNUSED_FUNCTION = YES;
				GCC_WARN_UNUSED_VARIABLE = YES;
				IPHONEOS_DEPLOYMENT_TARGET = 16.0;
				MTL_ENABLE_DEBUG_INFO = INCLUDE_SOURCE;
				MTL_FAST_MATH = YES;
				ONLY_ACTIVE_ARCH = YES;
				SDKROOT = iphoneos;
				SWIFT_ACTIVE_COMPILATION_CONDITIONS = DEBUG;
				SWIFT_OPTIMIZATION_LEVEL = "-Onone";
			};
			name = Debug;
		};
		D78D328D29D51F0D00DD2F05 /* Release */ = {
			isa = XCBuildConfiguration;
			buildSettings = {
				ALWAYS_SEARCH_USER_PATHS = NO;
				CLANG_ANALYZER_NONNULL = YES;
				CLANG_ANALYZER_NUMBER_OBJECT_CONVERSION = YES_AGGRESSIVE;
				CLANG_CXX_LANGUAGE_STANDARD = "gnu++20";
				CLANG_ENABLE_MODULES = YES;
				CLANG_ENABLE_OBJC_ARC = YES;
				CLANG_ENABLE_OBJC_WEAK = YES;
				CLANG_WARN_BLOCK_CAPTURE_AUTORELEASING = YES;
				CLANG_WARN_BOOL_CONVERSION = YES;
				CLANG_WARN_COMMA = YES;
				CLANG_WARN_CONSTANT_CONVERSION = YES;
				CLANG_WARN_DEPRECATED_OBJC_IMPLEMENTATIONS = YES;
				CLANG_WARN_DIRECT_OBJC_ISA_USAGE = YES_ERROR;
				CLANG_WARN_DOCUMENTATION_COMMENTS = YES;
				CLANG_WARN_EMPTY_BODY = YES;
				CLANG_WARN_ENUM_CONVERSION = YES;
				CLANG_WARN_INFINITE_RECURSION = YES;
				CLANG_WARN_INT_CONVERSION = YES;
				CLANG_WARN_NON_LITERAL_NULL_CONVERSION = YES;
				CLANG_WARN_OBJC_IMPLICIT_RETAIN_SELF = YES;
				CLANG_WARN_OBJC_LITERAL_CONVERSION = YES;
				CLANG_WARN_OBJC_ROOT_CLASS = YES_ERROR;
				CLANG_WARN_QUOTED_INCLUDE_IN_FRAMEWORK_HEADER = YES;
				CLANG_WARN_RANGE_LOOP_ANALYSIS = YES;
				CLANG_WARN_STRICT_PROTOTYPES = YES;
				CLANG_WARN_SUSPICIOUS_MOVE = YES;
				CLANG_WARN_UNGUARDED_AVAILABILITY = YES_AGGRESSIVE;
				CLANG_WARN_UNREACHABLE_CODE = YES;
				CLANG_WARN__DUPLICATE_METHOD_MATCH = YES;
				COPY_PHASE_STRIP = NO;
				DEBUG_INFORMATION_FORMAT = "dwarf-with-dsym";
				ENABLE_NS_ASSERTIONS = NO;
				ENABLE_STRICT_OBJC_MSGSEND = YES;
				GCC_C_LANGUAGE_STANDARD = gnu11;
				GCC_NO_COMMON_BLOCKS = YES;
				GCC_WARN_64_TO_32_BIT_CONVERSION = YES;
				GCC_WARN_ABOUT_RETURN_TYPE = YES_ERROR;
				GCC_WARN_UNDECLARED_SELECTOR = YES;
				GCC_WARN_UNINITIALIZED_AUTOS = YES_AGGRESSIVE;
				GCC_WARN_UNUSED_FUNCTION = YES;
				GCC_WARN_UNUSED_VARIABLE = YES;
				IPHONEOS_DEPLOYMENT_TARGET = 16.0;
				MTL_ENABLE_DEBUG_INFO = NO;
				MTL_FAST_MATH = YES;
				SDKROOT = iphoneos;
				SWIFT_COMPILATION_MODE = wholemodule;
				SWIFT_OPTIMIZATION_LEVEL = "-O";
				VALIDATE_PRODUCT = YES;
			};
			name = Release;
		};
		D78D328F29D51F0D00DD2F05 /* Debug */ = {
			isa = XCBuildConfiguration;
			buildSettings = {
				ASSETCATALOG_COMPILER_APPICON_NAME = AppIcon;
				ASSETCATALOG_COMPILER_GLOBAL_ACCENT_COLOR_NAME = AccentColor;
				ASSETCATALOG_COMPILER_INCLUDE_ALL_APPICON_ASSETS = YES;
				CODE_SIGN_STYLE = Automatic;
				CURRENT_PROJECT_VERSION = 12;
				DEVELOPMENT_ASSET_PATHS = "\"RecessTestGrounds/Preview Content\"";
				DEVELOPMENT_TEAM = 8ZZ637J6T2;
				ENABLE_PREVIEWS = YES;
				GENERATE_INFOPLIST_FILE = YES;
				INFOPLIST_FILE = RecessTestGrounds/Info.plist;
				INFOPLIST_KEY_CFBundleDisplayName = Recess;
				INFOPLIST_KEY_LSApplicationCategoryType = "public.app-category.sports";
				INFOPLIST_KEY_LSSupportsOpeningDocumentsInPlace = YES;
				INFOPLIST_KEY_NSCameraUsageDescription = "This app uses your camera to take profile photos";
				INFOPLIST_KEY_NSHumanReadableCopyright = "";
				INFOPLIST_KEY_NSLocationAlwaysAndWhenInUseUsageDescription = "This app uses your current location to create actvities and find others nearby";
				INFOPLIST_KEY_NSLocationAlwaysUsageDescription = "This app uses your current location to create actvities and find others nearby";
				INFOPLIST_KEY_NSLocationUsageDescription = "This app uses your current location to create actvities and find others nearby";
				INFOPLIST_KEY_NSLocationWhenInUseUsageDescription = "This app uses your current location to create actvities and find others nearby";
				INFOPLIST_KEY_NSPhotoLibraryUsageDescription = "This app accesses the camera roll to choose cover photos";
				INFOPLIST_KEY_UIApplicationSceneManifest_Generation = YES;
				INFOPLIST_KEY_UIApplicationSupportsIndirectInputEvents = YES;
				INFOPLIST_KEY_UILaunchScreen_Generation = YES;
				INFOPLIST_KEY_UISupportedInterfaceOrientations = UIInterfaceOrientationPortrait;
				LD_RUNPATH_SEARCH_PATHS = (
					"$(inherited)",
					"@executable_path/Frameworks",
				);
				MARKETING_VERSION = 1.2;
				PRODUCT_BUNDLE_IDENTIFIER = com.torriporter.RecessTestGrounds;
				PRODUCT_NAME = "$(TARGET_NAME)";
				SWIFT_EMIT_LOC_STRINGS = YES;
				SWIFT_VERSION = 5.0;
				TARGETED_DEVICE_FAMILY = 1;
			};
			name = Debug;
		};
		D78D329029D51F0D00DD2F05 /* Release */ = {
			isa = XCBuildConfiguration;
			buildSettings = {
				ASSETCATALOG_COMPILER_APPICON_NAME = AppIcon;
				ASSETCATALOG_COMPILER_GLOBAL_ACCENT_COLOR_NAME = AccentColor;
				ASSETCATALOG_COMPILER_INCLUDE_ALL_APPICON_ASSETS = YES;
				CODE_SIGN_STYLE = Automatic;
				CURRENT_PROJECT_VERSION = 12;
				DEVELOPMENT_ASSET_PATHS = "\"RecessTestGrounds/Preview Content\"";
				DEVELOPMENT_TEAM = 8ZZ637J6T2;
				ENABLE_PREVIEWS = YES;
				GENERATE_INFOPLIST_FILE = YES;
				INFOPLIST_FILE = RecessTestGrounds/Info.plist;
				INFOPLIST_KEY_CFBundleDisplayName = Recess;
				INFOPLIST_KEY_LSApplicationCategoryType = "public.app-category.sports";
				INFOPLIST_KEY_LSSupportsOpeningDocumentsInPlace = YES;
				INFOPLIST_KEY_NSCameraUsageDescription = "This app uses your camera to take profile photos";
				INFOPLIST_KEY_NSHumanReadableCopyright = "";
				INFOPLIST_KEY_NSLocationAlwaysAndWhenInUseUsageDescription = "This app uses your current location to create actvities and find others nearby";
				INFOPLIST_KEY_NSLocationAlwaysUsageDescription = "This app uses your current location to create actvities and find others nearby";
				INFOPLIST_KEY_NSLocationUsageDescription = "This app uses your current location to create actvities and find others nearby";
				INFOPLIST_KEY_NSLocationWhenInUseUsageDescription = "This app uses your current location to create actvities and find others nearby";
				INFOPLIST_KEY_NSPhotoLibraryUsageDescription = "This app accesses the camera roll to choose cover photos";
				INFOPLIST_KEY_UIApplicationSceneManifest_Generation = YES;
				INFOPLIST_KEY_UIApplicationSupportsIndirectInputEvents = YES;
				INFOPLIST_KEY_UILaunchScreen_Generation = YES;
				INFOPLIST_KEY_UISupportedInterfaceOrientations = UIInterfaceOrientationPortrait;
				LD_RUNPATH_SEARCH_PATHS = (
					"$(inherited)",
					"@executable_path/Frameworks",
				);
				MARKETING_VERSION = 1.2;
				PRODUCT_BUNDLE_IDENTIFIER = com.torriporter.RecessTestGrounds;
				PRODUCT_NAME = "$(TARGET_NAME)";
				SWIFT_EMIT_LOC_STRINGS = YES;
				SWIFT_VERSION = 5.0;
				TARGETED_DEVICE_FAMILY = 1;
			};
			name = Release;
		};
/* End XCBuildConfiguration section */

/* Begin XCConfigurationList section */
		D74DA37229F3363600E1C282 /* Build configuration list for PBXNativeTarget "RecessTestGroundsTests" */ = {
			isa = XCConfigurationList;
			buildConfigurations = (
				D74DA37329F3363600E1C282 /* Debug */,
				D74DA37429F3363600E1C282 /* Release */,
			);
			defaultConfigurationIsVisible = 0;
			defaultConfigurationName = Release;
		};
		D78D327B29D51F0B00DD2F05 /* Build configuration list for PBXProject "RecessTestGrounds" */ = {
			isa = XCConfigurationList;
			buildConfigurations = (
				D78D328C29D51F0D00DD2F05 /* Debug */,
				D78D328D29D51F0D00DD2F05 /* Release */,
			);
			defaultConfigurationIsVisible = 0;
			defaultConfigurationName = Release;
		};
		D78D328E29D51F0D00DD2F05 /* Build configuration list for PBXNativeTarget "RecessTestGrounds" */ = {
			isa = XCConfigurationList;
			buildConfigurations = (
				D78D328F29D51F0D00DD2F05 /* Debug */,
				D78D329029D51F0D00DD2F05 /* Release */,
			);
			defaultConfigurationIsVisible = 0;
			defaultConfigurationName = Release;
		};
/* End XCConfigurationList section */

/* Begin XCRemoteSwiftPackageReference section */
		D7BF82B829E4A96E0064A7A5 /* XCRemoteSwiftPackageReference "firebase-ios-sdk" */ = {
			isa = XCRemoteSwiftPackageReference;
			repositoryURL = "https://github.com/firebase/firebase-ios-sdk.git";
			requirement = {
				kind = upToNextMajorVersion;
				minimumVersion = 9.0.0;
			};
		};
/* End XCRemoteSwiftPackageReference section */

/* Begin XCSwiftPackageProductDependency section */
		D71B80A129FF0A6800E9BC4F /* FirebaseFirestoreSwift */ = {
			isa = XCSwiftPackageProductDependency;
			package = D7BF82B829E4A96E0064A7A5 /* XCRemoteSwiftPackageReference "firebase-ios-sdk" */;
			productName = FirebaseFirestoreSwift;
		};
		D71B80A329FF0A6E00E9BC4F /* FirebaseAuth */ = {
			isa = XCSwiftPackageProductDependency;
			package = D7BF82B829E4A96E0064A7A5 /* XCRemoteSwiftPackageReference "firebase-ios-sdk" */;
			productName = FirebaseAuth;
		};
		D71B80A529FF0A7600E9BC4F /* FirebaseFirestore */ = {
			isa = XCSwiftPackageProductDependency;
			package = D7BF82B829E4A96E0064A7A5 /* XCRemoteSwiftPackageReference "firebase-ios-sdk" */;
			productName = FirebaseFirestore;
		};
		D762F4102A1E679A00329601 /* FirebaseFirestore */ = {
			isa = XCSwiftPackageProductDependency;
			package = D7BF82B829E4A96E0064A7A5 /* XCRemoteSwiftPackageReference "firebase-ios-sdk" */;
			productName = FirebaseFirestore;
		};
		D7BF82B929E4A96E0064A7A5 /* FirebaseAnalytics */ = {
			isa = XCSwiftPackageProductDependency;
			package = D7BF82B829E4A96E0064A7A5 /* XCRemoteSwiftPackageReference "firebase-ios-sdk" */;
			productName = FirebaseAnalytics;
		};
		D7BF82BB29E4A96E0064A7A5 /* FirebaseAuth */ = {
			isa = XCSwiftPackageProductDependency;
			package = D7BF82B829E4A96E0064A7A5 /* XCRemoteSwiftPackageReference "firebase-ios-sdk" */;
			productName = FirebaseAuth;
		};
		D7BF82BD29E4A96E0064A7A5 /* FirebaseFirestore */ = {
			isa = XCSwiftPackageProductDependency;
			package = D7BF82B829E4A96E0064A7A5 /* XCRemoteSwiftPackageReference "firebase-ios-sdk" */;
			productName = FirebaseFirestore;
		};
		D7BF82BF29E4A96E0064A7A5 /* FirebaseFirestoreSwift */ = {
			isa = XCSwiftPackageProductDependency;
			package = D7BF82B829E4A96E0064A7A5 /* XCRemoteSwiftPackageReference "firebase-ios-sdk" */;
			productName = FirebaseFirestoreSwift;
		};
/* End XCSwiftPackageProductDependency section */
	};
	rootObject = D78D327829D51F0B00DD2F05 /* Project object */;
}
